
Microsoft Visual Studio Solution File, Format Version 12.00
# Visual Studio Version 16
VisualStudioVersion = 16.0.31507.150
MinimumVisualStudioVersion = 10.0.40219.1
Project("{2150E333-8FDC-42A3-9474-1A3956D46DE8}") = "src", "src", "{06750F08-3FB8-4D50-8E51-60D77C2C22B6}"
EndProject
Project("{FAE04EC0-301F-11D3-BF4B-00C04F79EFBC}") = "StreamConsumer", "src\StreamConsumer\StreamConsumer.csproj", "{B05288B9-8444-412C-A27C-3131F2DFBD44}"
EndProject
Project("{FAE04EC0-301F-11D3-BF4B-00C04F79EFBC}") = "PullingConsumer", "src\PullingConsumer\PullingConsumer.csproj", "{9CAA2DE5-2454-42F2-AD83-EE015E807869}"
EndProject
Global
	GlobalSection(SolutionConfigurationPlatforms) = preSolution
		Debug|Any CPU = Debug|Any CPU
		Release|Any CPU = Release|Any CPU
	EndGlobalSection
	GlobalSection(ProjectConfigurationPlatforms) = postSolution
		{B05288B9-8444-412C-A27C-3131F2DFBD44}.Debug|Any CPU.ActiveCfg = Debug|Any CPU
		{B05288B9-8444-412C-A27C-3131F2DFBD44}.Debug|Any CPU.Build.0 = Debug|Any CPU
		{B05288B9-8444-412C-A27C-3131F2DFBD44}.Release|Any CPU.ActiveCfg = Release|Any CPU
		{B05288B9-8444-412C-A27C-3131F2DFBD44}.Release|Any CPU.Build.0 = Release|Any CPU
		{9CAA2DE5-2454-42F2-AD83-EE015E807869}.Debug|Any CPU.ActiveCfg = Debug|Any CPU
		{9CAA2DE5-2454-42F2-AD83-EE015E807869}.Debug|Any CPU.Build.0 = Debug|Any CPU
		{9CAA2DE5-2454-42F2-AD83-EE015E807869}.Release|Any CPU.ActiveCfg = Release|Any CPU
		{9CAA2DE5-2454-42F2-AD83-EE015E807869}.Release|Any CPU.Build.0 = Release|Any CPU
	EndGlobalSection
	GlobalSection(SolutionProperties) = preSolution
		HideSolutionNode = FALSE
	EndGlobalSection
	GlobalSection(NestedProjects) = preSolution
		{B05288B9-8444-412C-A27C-3131F2DFBD44} = {06750F08-3FB8-4D50-8E51-60D77C2C22B6}
		{9CAA2DE5-2454-42F2-AD83-EE015E807869} = {06750F08-3FB8-4D50-8E51-60D77C2C22B6}
	EndGlobalSection
	GlobalSection(ExtensibilityGlobals) = postSolution
		SolutionGuid = {82CE2469-44E8-4C20-AA6A-93075191A1E2}
	EndGlobalSection
EndGlobal
